
Microsoft Visual Studio Solution File, Format Version 12.00
# Visual Studio Version 17
VisualStudioVersion = 17.8.34525.116
MinimumVisualStudioVersion = 10.0.40219.1
Project("{FAE04EC0-301F-11D3-BF4B-00C04F79EFBC}") = "Grid_MySQL", "Grid_MySQL\Grid_MySQL\Grid_MySQL.csproj", "{ADBACDFB-124F-4938-AABB-6AC1BA645F72}"
EndProject
Project("{FAE04EC0-301F-11D3-BF4B-00C04F79EFBC}") = "Grid_MySQL.Client", "Grid_MySQL\Grid_MySQL.Client\Grid_MySQL.Client.csproj", "{F11A0E8A-139E-4EC4-89B5-4477D0F0DDBC}"
EndProject
Global
	GlobalSection(SolutionConfigurationPlatforms) = preSolution
		Debug|Any CPU = Debug|Any CPU
		Release|Any CPU = Release|Any CPU
	EndGlobalSection
	GlobalSection(ProjectConfigurationPlatforms) = postSolution
		{ADBACDFB-124F-4938-AABB-6AC1BA645F72}.Debug|Any CPU.ActiveCfg = Debug|Any CPU
		{ADBACDFB-124F-4938-AABB-6AC1BA645F72}.Debug|Any CPU.Build.0 = Debug|Any CPU
		{ADBACDFB-124F-4938-AABB-6AC1BA645F72}.Release|Any CPU.ActiveCfg = Release|Any CPU
		{ADBACDFB-124F-4938-AABB-6AC1BA645F72}.Release|Any CPU.Build.0 = Release|Any CPU
		{F11A0E8A-139E-4EC4-89B5-4477D0F0DDBC}.Debug|Any CPU.ActiveCfg = Debug|Any CPU
		{F11A0E8A-139E-4EC4-89B5-4477D0F0DDBC}.Debug|Any CPU.Build.0 = Debug|Any CPU
		{F11A0E8A-139E-4EC4-89B5-4477D0F0DDBC}.Release|Any CPU.ActiveCfg = Release|Any CPU
		{F11A0E8A-139E-4EC4-89B5-4477D0F0DDBC}.Release|Any CPU.Build.0 = Release|Any CPU
	EndGlobalSection
	GlobalSection(SolutionProperties) = preSolution
		HideSolutionNode = FALSE
	EndGlobalSection
	GlobalSection(ExtensibilityGlobals) = postSolution
		SolutionGuid = {DB5C8E3B-2684-4F7E-931C-7726F7F5A388}
	EndGlobalSection
EndGlobal
