
Microsoft Visual Studio Solution File, Format Version 12.00
# Visual Studio Version 17
VisualStudioVersion = 17.8.34525.116
MinimumVisualStudioVersion = 10.0.40219.1
Project("{FAE04EC0-301F-11D3-BF4B-00C04F79EFBC}") = "Grid_MSSQL", "Grid_MSSQL\Grid_MSSQL\Grid_MSSQL.csproj", "{13F07BFF-F222-4037-B612-3E1BAC7C4825}"
EndProject
Project("{FAE04EC0-301F-11D3-BF4B-00C04F79EFBC}") = "Grid_MSSQL.Client", "Grid_MSSQL\Grid_MSSQL.Client\Grid_MSSQL.Client.csproj", "{360FDDF8-6381-4A7D-8D40-F755D2FF1F66}"
EndProject
Global
	GlobalSection(SolutionConfigurationPlatforms) = preSolution
		Debug|Any CPU = Debug|Any CPU
		Release|Any CPU = Release|Any CPU
	EndGlobalSection
	GlobalSection(ProjectConfigurationPlatforms) = postSolution
		{13F07BFF-F222-4037-B612-3E1BAC7C4825}.Debug|Any CPU.ActiveCfg = Debug|Any CPU
		{13F07BFF-F222-4037-B612-3E1BAC7C4825}.Debug|Any CPU.Build.0 = Debug|Any CPU
		{13F07BFF-F222-4037-B612-3E1BAC7C4825}.Release|Any CPU.ActiveCfg = Release|Any CPU
		{13F07BFF-F222-4037-B612-3E1BAC7C4825}.Release|Any CPU.Build.0 = Release|Any CPU
		{360FDDF8-6381-4A7D-8D40-F755D2FF1F66}.Debug|Any CPU.ActiveCfg = Debug|Any CPU
		{360FDDF8-6381-4A7D-8D40-F755D2FF1F66}.Debug|Any CPU.Build.0 = Debug|Any CPU
		{360FDDF8-6381-4A7D-8D40-F755D2FF1F66}.Release|Any CPU.ActiveCfg = Release|Any CPU
		{360FDDF8-6381-4A7D-8D40-F755D2FF1F66}.Release|Any CPU.Build.0 = Release|Any CPU
	EndGlobalSection
	GlobalSection(SolutionProperties) = preSolution
		HideSolutionNode = FALSE
	EndGlobalSection
	GlobalSection(ExtensibilityGlobals) = postSolution
		SolutionGuid = {8ACA9AEA-DFAF-4F3B-9455-979BB91D6A91}
	EndGlobalSection
EndGlobal
