
Microsoft Visual Studio Solution File, Format Version 12.00
# Visual Studio Version 17
VisualStudioVersion = 17.8.34525.116
MinimumVisualStudioVersion = 10.0.40219.1
Project("{FAE04EC0-301F-11D3-BF4B-00C04F79EFBC}") = "MyWebService", "MyWebService\MyWebService.csproj", "{1500B07E-50F7-4ECF-9961-E573565A42BF}"
EndProject
Global
	GlobalSection(SolutionConfigurationPlatforms) = preSolution
		Debug|Any CPU = Debug|Any CPU
		Release|Any CPU = Release|Any CPU
	EndGlobalSection
	GlobalSection(ProjectConfigurationPlatforms) = postSolution
		{1500B07E-50F7-4ECF-9961-E573565A42BF}.Debug|Any CPU.ActiveCfg = Debug|Any CPU
		{1500B07E-50F7-4ECF-9961-E573565A42BF}.Debug|Any CPU.Build.0 = Debug|Any CPU
		{1500B07E-50F7-4ECF-9961-E573565A42BF}.Release|Any CPU.ActiveCfg = Release|Any CPU
		{1500B07E-50F7-4ECF-9961-E573565A42BF}.Release|Any CPU.Build.0 = Release|Any CPU
	EndGlobalSection
	GlobalSection(SolutionProperties) = preSolution
		HideSolutionNode = FALSE
	EndGlobalSection
	GlobalSection(ExtensibilityGlobals) = postSolution
		SolutionGuid = {430D327D-E06C-42EA-9BA3-2573C4546298}
	EndGlobalSection
EndGlobal
