
Microsoft Visual Studio Solution File, Format Version 12.00
# Visual Studio Version 17
VisualStudioVersion = 17.8.34525.116
MinimumVisualStudioVersion = 10.0.40219.1
Project("{FAE04EC0-301F-11D3-BF4B-00C04F79EFBC}") = "Grid_PostgreSQL", "Grid_PostgreSQL\Grid_PostgreSQL\Grid_PostgreSQL.csproj", "{17D02420-654A-46E1-9B1B-FC94FEE6187C}"
EndProject
Project("{FAE04EC0-301F-11D3-BF4B-00C04F79EFBC}") = "Grid_PostgreSQL.Client", "Grid_PostgreSQL\Grid_PostgreSQL.Client\Grid_PostgreSQL.Client.csproj", "{6E102EB2-51BB-4D15-822E-AE2F3173AB3D}"
EndProject
Global
	GlobalSection(SolutionConfigurationPlatforms) = preSolution
		Debug|Any CPU = Debug|Any CPU
		Release|Any CPU = Release|Any CPU
	EndGlobalSection
	GlobalSection(ProjectConfigurationPlatforms) = postSolution
		{17D02420-654A-46E1-9B1B-FC94FEE6187C}.Debug|Any CPU.ActiveCfg = Debug|Any CPU
		{17D02420-654A-46E1-9B1B-FC94FEE6187C}.Debug|Any CPU.Build.0 = Debug|Any CPU
		{17D02420-654A-46E1-9B1B-FC94FEE6187C}.Release|Any CPU.ActiveCfg = Release|Any CPU
		{17D02420-654A-46E1-9B1B-FC94FEE6187C}.Release|Any CPU.Build.0 = Release|Any CPU
		{6E102EB2-51BB-4D15-822E-AE2F3173AB3D}.Debug|Any CPU.ActiveCfg = Debug|Any CPU
		{6E102EB2-51BB-4D15-822E-AE2F3173AB3D}.Debug|Any CPU.Build.0 = Debug|Any CPU
		{6E102EB2-51BB-4D15-822E-AE2F3173AB3D}.Release|Any CPU.ActiveCfg = Release|Any CPU
		{6E102EB2-51BB-4D15-822E-AE2F3173AB3D}.Release|Any CPU.Build.0 = Release|Any CPU
	EndGlobalSection
	GlobalSection(SolutionProperties) = preSolution
		HideSolutionNode = FALSE
	EndGlobalSection
	GlobalSection(ExtensibilityGlobals) = postSolution
		SolutionGuid = {5D4CDB6C-305D-4C9A-9EA1-8540ACE9932A}
	EndGlobalSection
EndGlobal
